// !$*UTF8*$!
{
	archiveVersion = 1;
	classes = {
	};
	objectVersion = 77;
	objects = {

/* Begin PBXFileReference section */
		2BACFFFA2D2DAB15000EA4A7 /* Variables.playground */ = {isa = PBXFileReference; lastKnownFileType = file.playground; path = Variables.playground; sourceTree = "<group>"; xcLanguageSpecificationIdentifier = xcode.lang.swift; };
/* End PBXFileReference section */

/* Begin PBXGroup section */
		2BACFFF22D2DA8D8000EA4A7 = {
			isa = PBXGroup;
			children = (
				2BACFFFA2D2DAB15000EA4A7 /* Variables.playground */,
			);
			sourceTree = "<group>";
		};
/* End PBXGroup section */

/* Begin PBXProject section */
		2BACFFF32D2DA8D8000EA4A7 /* Project object */ = {
			isa = PBXProject;
			attributes = {
				BuildIndependentTargetsInParallel = 1;
				LastUpgradeCheck = 1620;
			};
			buildConfigurationList = 2BACFFF62D2DA8D8000EA4A7 /* Build configuration list for PBXProject "first_project_Swift" */;
			developmentRegion = en;
			hasScannedForEncodings = 0;
			knownRegions = (
				en,
				Base,
			);
			mainGroup = 2BACFFF22D2DA8D8000EA4A7;
			minimizedProjectReferenceProxies = 1;
			preferredProjectObjectVersion = 77;
			projectDirPath = "";
			projectRoot = "";
			targets = (
			);
		};
/* End PBXProject section */

/* Begin XCBuildConfiguration section */
		2BACFFF72D2DA8D8000EA4A7 /* Debug */ = {
			isa = XCBuildConfiguration;
			buildSettings = {
			};
			name = Debug;
		};
		2BACFFF82D2DA8D8000EA4A7 /* Release */ = {
			isa = XCBuildConfiguration;
			buildSettings = {
			};
			name = Release;
		};
/* End XCBuildConfiguration section */

/* Begin XCConfigurationList section */
		2BACFFF62D2DA8D8000EA4A7 /* Build configuration list for PBXProject "first_project_Swift" */ = {
			isa = XCConfigurationList;
			buildConfigurations = (
				2BACFFF72D2DA8D8000EA4A7 /* Debug */,
				2BACFFF82D2DA8D8000EA4A7 /* Release */,
			);
			defaultConfigurationIsVisible = 0;
			defaultConfigurationName = Release;
		};
/* End XCConfigurationList section */
	};
	rootObject = 2BACFFF32D2DA8D8000EA4A7 /* Project object */;
}
